// !$*UTF8*$!
{
	archiveVersion = 1;
	classes = {
	};
	objectVersion = 55;
	objects = {

/* Begin PBXBuildFile section */
		E333C04228AA688B008D0DC7 /* AppDelegate.swift in Sources */ = {isa = PBXBuildFile; fileRef = E333C04128AA688B008D0DC7 /* AppDelegate.swift */; };
		E333C04428AA688B008D0DC7 /* SceneDelegate.swift in Sources */ = {isa = PBXBuildFile; fileRef = E333C04328AA688B008D0DC7 /* SceneDelegate.swift */; };
		E333C04628AA688B008D0DC7 /* MainViewController.swift in Sources */ = {isa = PBXBuildFile; fileRef = E333C04528AA688B008D0DC7 /* MainViewController.swift */; };
		E333C04E28AA688E008D0DC7 /* Assets.xcassets in Resources */ = {isa = PBXBuildFile; fileRef = E333C04D28AA688E008D0DC7 /* Assets.xcassets */; };
		E333C05128AA688E008D0DC7 /* LaunchScreen.storyboard in Resources */ = {isa = PBXBuildFile; fileRef = E333C04F28AA688E008D0DC7 /* LaunchScreen.storyboard */; };
		E333C06028AA6CAD008D0DC7 /* URLString.swift in Sources */ = {isa = PBXBuildFile; fileRef = E333C05F28AA6CAD008D0DC7 /* URLString.swift */; };
/* End PBXBuildFile section */

/* Begin PBXFileReference section */
		E333C03E28AA688B008D0DC7 /* Bluesea Cattery.app */ = {isa = PBXFileReference; explicitFileType = wrapper.application; includeInIndex = 0; path = "Bluesea Cattery.app"; sourceTree = BUILT_PRODUCTS_DIR; };
		E333C04128AA688B008D0DC7 /* AppDelegate.swift */ = {isa = PBXFileReference; lastKnownFileType = sourcecode.swift; path = AppDelegate.swift; sourceTree = "<group>"; };
		E333C04328AA688B008D0DC7 /* SceneDelegate.swift */ = {isa = PBXFileReference; lastKnownFileType = sourcecode.swift; path = SceneDelegate.swift; sourceTree = "<group>"; };
		E333C04528AA688B008D0DC7 /* MainViewController.swift */ = {isa = PBXFileReference; lastKnownFileType = sourcecode.swift; path = MainViewController.swift; sourceTree = "<group>"; };
		E333C04D28AA688E008D0DC7 /* Assets.xcassets */ = {isa = PBXFileReference; lastKnownFileType = folder.assetcatalog; path = Assets.xcassets; sourceTree = "<group>"; };
		E333C05028AA688E008D0DC7 /* Base */ = {isa = PBXFileReference; lastKnownFileType = file.storyboard; name = Base; path = Base.lproj/LaunchScreen.storyboard; sourceTree = "<group>"; };
		E333C05228AA688E008D0DC7 /* Info.plist */ = {isa = PBXFileReference; lastKnownFileType = text.plist.xml; path = Info.plist; sourceTree = "<group>"; };
		E333C05F28AA6CAD008D0DC7 /* URLString.swift */ = {isa = PBXFileReference; lastKnownFileType = sourcecode.swift; path = URLString.swift; sourceTree = "<group>"; };
/* End PBXFileReference section */

/* Begin PBXFrameworksBuildPhase section */
		E333C03B28AA688B008D0DC7 /* Frameworks */ = {
			isa = PBXFrameworksBuildPhase;
			buildActionMask = 2147483647;
			files = (
			);
			runOnlyForDeploymentPostprocessing = 0;
		};
/* End PBXFrameworksBuildPhase section */

/* Begin PBXGroup section */
		E333C03528AA688B008D0DC7 = {
			isa = PBXGroup;
			children = (
				E333C04028AA688B008D0DC7 /* Bluesea Cattery */,
				E333C03F28AA688B008D0DC7 /* Products */,
			);
			sourceTree = "<group>";
		};
		E333C03F28AA688B008D0DC7 /* Products */ = {
			isa = PBXGroup;
			children = (
				E333C03E28AA688B008D0DC7 /* Bluesea Cattery.app */,
			);
			name = Products;
			sourceTree = "<group>";
		};
		E333C04028AA688B008D0DC7 /* Bluesea Cattery */ = {
			isa = PBXGroup;
			children = (
				E333C05E28AA698C008D0DC7 /* Views */,
				E333C05B28AA6951008D0DC7 /* Sources */,
				E333C05A28AA6928008D0DC7 /* Supporting Files */,
			);
			path = "Bluesea Cattery";
			sourceTree = "<group>";
		};
		E333C05A28AA6928008D0DC7 /* Supporting Files */ = {
			isa = PBXGroup;
			children = (
				E333C04128AA688B008D0DC7 /* AppDelegate.swift */,
				E333C04328AA688B008D0DC7 /* SceneDelegate.swift */,
				E333C04F28AA688E008D0DC7 /* LaunchScreen.storyboard */,
				E333C05228AA688E008D0DC7 /* Info.plist */,
			);
			path = "Supporting Files";
			sourceTree = "<group>";
		};
		E333C05B28AA6951008D0DC7 /* Sources */ = {
			isa = PBXGroup;
			children = (
				E333C04D28AA688E008D0DC7 /* Assets.xcassets */,
				E333C05F28AA6CAD008D0DC7 /* URLString.swift */,
			);
			path = Sources;
			sourceTree = "<group>";
		};
		E333C05E28AA698C008D0DC7 /* Views */ = {
			isa = PBXGroup;
			children = (
				E333C04528AA688B008D0DC7 /* MainViewController.swift */,
			);
			path = Views;
			sourceTree = "<group>";
		};
/* End PBXGroup section */

/* Begin PBXNativeTarget section */
		E333C03D28AA688B008D0DC7 /* Bluesea Cattery */ = {
			isa = PBXNativeTarget;
			buildConfigurationList = E333C05528AA688E008D0DC7 /* Build configuration list for PBXNativeTarget "Bluesea Cattery" */;
			buildPhases = (
				E333C03A28AA688B008D0DC7 /* Sources */,
				E333C03B28AA688B008D0DC7 /* Frameworks */,
				E333C03C28AA688B008D0DC7 /* Resources */,
			);
			buildRules = (
			);
			dependencies = (
			);
			name = "Bluesea Cattery";
			productName = "Bluesea Cattery";
			productReference = E333C03E28AA688B008D0DC7 /* Bluesea Cattery.app */;
			productType = "com.apple.product-type.application";
		};
/* End PBXNativeTarget section */

/* Begin PBXProject section */
		E333C03628AA688B008D0DC7 /* Project object */ = {
			isa = PBXProject;
			attributes = {
				BuildIndependentTargetsInParallel = 1;
				LastSwiftUpdateCheck = 1330;
				LastUpgradeCheck = 1330;
				TargetAttributes = {
					E333C03D28AA688B008D0DC7 = {
						CreatedOnToolsVersion = 13.3.1;
					};
				};
			};
			buildConfigurationList = E333C03928AA688B008D0DC7 /* Build configuration list for PBXProject "Bluesea Cattery" */;
			compatibilityVersion = "Xcode 13.0";
			developmentRegion = en;
			hasScannedForEncodings = 0;
			knownRegions = (
				en,
				Base,
			);
			mainGroup = E333C03528AA688B008D0DC7;
			productRefGroup = E333C03F28AA688B008D0DC7 /* Products */;
			projectDirPath = "";
			projectRoot = "";
			targets = (
				E333C03D28AA688B008D0DC7 /* Bluesea Cattery */,
			);
		};
/* End PBXProject section */

/* Begin PBXResourcesBuildPhase section */
		E333C03C28AA688B008D0DC7 /* Resources */ = {
			isa = PBXResourcesBuildPhase;
			buildActionMask = 2147483647;
			files = (
				E333C05128AA688E008D0DC7 /* LaunchScreen.storyboard in Resources */,
				E333C04E28AA688E008D0DC7 /* Assets.xcassets in Resources */,
			);
			runOnlyForDeploymentPostprocessing = 0;
		};
/* End PBXResourcesBuildPhase section */

/* Begin PBXSourcesBuildPhase section */
		E333C03A28AA688B008D0DC7 /* Sources */ = {
			isa = PBXSourcesBuildPhase;
			buildActionMask = 2147483647;
			files = (
				E333C06028AA6CAD008D0DC7 /* URLString.swift in Sources */,
				E333C04628AA688B008D0DC7 /* MainViewController.swift in Sources */,
				E333C04228AA688B008D0DC7 /* AppDelegate.swift in Sources */,
				E333C04428AA688B008D0DC7 /* SceneDelegate.swift in Sources */,
			);
			runOnlyForDeploymentPostprocessing = 0;
		};
/* End PBXSourcesBuildPhase section */

/* Begin PBXVariantGroup section */
		E333C04F28AA688E008D0DC7 /* LaunchScreen.storyboard */ = {
			isa = PBXVariantGroup;
			children = (
				E333C05028AA688E008D0DC7 /* Base */,
			);
			name = LaunchScreen.storyboard;
			sourceTree = "<group>";
		};
/* End PBXVariantGroup section */

/* Begin XCBuildConfiguration section */
		E333C05328AA688E008D0DC7 /* Debug */ = {
			isa = XCBuildConfiguration;
			buildSettings = {
				ALWAYS_SEARCH_USER_PATHS = NO;
				CLANG_ANALYZER_NONNULL = YES;
				CLANG_ANALYZER_NUMBER_OBJECT_CONVERSION = YES_AGGRESSIVE;
				CLANG_CXX_LANGUAGE_STANDARD = "gnu++17";
				CLANG_ENABLE_MODULES = YES;
				CLANG_ENABLE_OBJC_ARC = YES;
				CLANG_ENABLE_OBJC_WEAK = YES;
				CLANG_WARN_BLOCK_CAPTURE_AUTORELEASING = YES;
				CLANG_WARN_BOOL_CONVERSION = YES;
				CLANG_WARN_COMMA = YES;
				CLANG_WARN_CONSTANT_CONVERSION = YES;
				CLANG_WARN_DEPRECATED_OBJC_IMPLEMENTATIONS = YES;
				CLANG_WARN_DIRECT_OBJC_ISA_USAGE = YES_ERROR;
				CLANG_WARN_DOCUMENTATION_COMMENTS = YES;
				CLANG_WARN_EMPTY_BODY = YES;
				CLANG_WARN_ENUM_CONVERSION = YES;
				CLANG_WARN_INFINITE_RECURSION = YES;
				CLANG_WARN_INT_CONVERSION = YES;
				CLANG_WARN_NON_LITERAL_NULL_CONVERSION = YES;
				CLANG_WARN_OBJC_IMPLICIT_RETAIN_SELF = YES;
				CLANG_WARN_OBJC_LITERAL_CONVERSION = YES;
				CLANG_WARN_OBJC_ROOT_CLASS = YES_ERROR;
				CLANG_WARN_QUOTED_INCLUDE_IN_FRAMEWORK_HEADER = YES;
				CLANG_WARN_RANGE_LOOP_ANALYSIS = YES;
				CLANG_WARN_STRICT_PROTOTYPES = YES;
				CLANG_WARN_SUSPICIOUS_MOVE = YES;
				CLANG_WARN_UNGUARDED_AVAILABILITY = YES_AGGRESSIVE;
				CLANG_WARN_UNREACHABLE_CODE = YES;
				CLANG_WARN__DUPLICATE_METHOD_MATCH = YES;
				COPY_PHASE_STRIP = NO;
				DEBUG_INFORMATION_FORMAT = dwarf;
				ENABLE_STRICT_OBJC_MSGSEND = YES;
				ENABLE_TESTABILITY = YES;
				GCC_C_LANGUAGE_STANDARD = gnu11;
				GCC_DYNAMIC_NO_PIC = NO;
				GCC_NO_COMMON_BLOCKS = YES;
				GCC_OPTIMIZATION_LEVEL = 0;
				GCC_PREPROCESSOR_DEFINITIONS = (
					"DEBUG=1",
					"$(inherited)",
				);
				GCC_WARN_64_TO_32_BIT_CONVERSION = YES;
				GCC_WARN_ABOUT_RETURN_TYPE = YES_ERROR;
				GCC_WARN_UNDECLARED_SELECTOR = YES;
				GCC_WARN_UNINITIALIZED_AUTOS = YES_AGGRESSIVE;
				GCC_WARN_UNUSED_FUNCTION = YES;
				GCC_WARN_UNUSED_VARIABLE = YES;
				IPHONEOS_DEPLOYMENT_TARGET = 15.4;
				MTL_ENABLE_DEBUG_INFO = INCLUDE_SOURCE;
				MTL_FAST_MATH = YES;
				ONLY_ACTIVE_ARCH = YES;
				SDKROOT = iphoneos;
				SWIFT_ACTIVE_COMPILATION_CONDITIONS = DEBUG;
				SWIFT_OPTIMIZATION_LEVEL = "-Onone";
			};
			name = Debug;
		};
		E333C05428AA688E008D0DC7 /* Release */ = {
			isa = XCBuildConfiguration;
			buildSettings = {
				ALWAYS_SEARCH_USER_PATHS = NO;
				CLANG_ANALYZER_NONNULL = YES;
				CLANG_ANALYZER_NUMBER_OBJECT_CONVERSION = YES_AGGRESSIVE;
				CLANG_CXX_LANGUAGE_STANDARD = "gnu++17";
				CLANG_ENABLE_MODULES = YES;
				CLANG_ENABLE_OBJC_ARC = YES;
				CLANG_ENABLE_OBJC_WEAK = YES;
				CLANG_WARN_BLOCK_CAPTURE_AUTORELEASING = YES;
				CLANG_WARN_BOOL_CONVERSION = YES;
				CLANG_WARN_COMMA = YES;
				CLANG_WARN_CONSTANT_CONVERSION = YES;
				CLANG_WARN_DEPRECATED_OBJC_IMPLEMENTATIONS = YES;
				CLANG_WARN_DIRECT_OBJC_ISA_USAGE = YES_ERROR;
				CLANG_WARN_DOCUMENTATION_COMMENTS = YES;
				CLANG_WARN_EMPTY_BODY = YES;
				CLANG_WARN_ENUM_CONVERSION = YES;
				CLANG_WARN_INFINITE_RECURSION = YES;
				CLANG_WARN_INT_CONVERSION = YES;
				CLANG_WARN_NON_LITERAL_NULL_CONVERSION = YES;
				CLANG_WARN_OBJC_IMPLICIT_RETAIN_SELF = YES;
				CLANG_WARN_OBJC_LITERAL_CONVERSION = YES;
				CLANG_WARN_OBJC_ROOT_CLASS = YES_ERROR;
				CLANG_WARN_QUOTED_INCLUDE_IN_FRAMEWORK_HEADER = YES;
				CLANG_WARN_RANGE_LOOP_ANALYSIS = YES;
				CLANG_WARN_STRICT_PROTOTYPES = YES;
				CLANG_WARN_SUSPICIOUS_MOVE = YES;
				CLANG_WARN_UNGUARDED_AVAILABILITY = YES_AGGRESSIVE;
				CLANG_WARN_UNREACHABLE_CODE = YES;
				CLANG_WARN__DUPLICATE_METHOD_MATCH = YES;
				COPY_PHASE_STRIP = NO;
				DEBUG_INFORMATION_FORMAT = "dwarf-with-dsym";
				ENABLE_NS_ASSERTIONS = NO;
				ENABLE_STRICT_OBJC_MSGSEND = YES;
				GCC_C_LANGUAGE_STANDARD = gnu11;
				GCC_NO_COMMON_BLOCKS = YES;
				GCC_WARN_64_TO_32_BIT_CONVERSION = YES;
				GCC_WARN_ABOUT_RETURN_TYPE = YES_ERROR;
				GCC_WARN_UNDECLARED_SELECTOR = YES;
				GCC_WARN_UNINITIALIZED_AUTOS = YES_AGGRESSIVE;
				GCC_WARN_UNUSED_FUNCTION = YES;
				GCC_WARN_UNUSED_VARIABLE = YES;
				IPHONEOS_DEPLOYMENT_TARGET = 15.4;
				MTL_ENABLE_DEBUG_INFO = NO;
				MTL_FAST_MATH = YES;
				SDKROOT = iphoneos;
				SWIFT_COMPILATION_MODE = wholemodule;
				SWIFT_OPTIMIZATION_LEVEL = "-O";
				VALIDATE_PRODUCT = YES;
			};
			name = Release;
		};
		E333C05628AA688E008D0DC7 /* Debug */ = {
			isa = XCBuildConfiguration;
			buildSettings = {
				ASSETCATALOG_COMPILER_APPICON_NAME = AppIcon;
				ASSETCATALOG_COMPILER_GLOBAL_ACCENT_COLOR_NAME = AccentColor;
				CODE_SIGN_STYLE = Automatic;
				CURRENT_PROJECT_VERSION = 1;
				DEVELOPMENT_TEAM = FY2MUX2TBL;
				GENERATE_INFOPLIST_FILE = YES;
				INFOPLIST_FILE = "Bluesea Cattery/Supporting Files/Info.plist";
				INFOPLIST_KEY_CFBundleDisplayName = "Bluesea Cattery";
				INFOPLIST_KEY_UIApplicationSupportsIndirectInputEvents = YES;
				INFOPLIST_KEY_UILaunchStoryboardName = LaunchScreen;
				INFOPLIST_KEY_UIMainStoryboardFile = LaunchScreen;
				INFOPLIST_KEY_UISupportedInterfaceOrientations = UIInterfaceOrientationPortrait;
				INFOPLIST_KEY_UISupportedInterfaceOrientations_iPad = UIInterfaceOrientationPortrait;
				INFOPLIST_KEY_UISupportedInterfaceOrientations_iPhone = UIInterfaceOrientationPortrait;
				LD_RUNPATH_SEARCH_PATHS = (
					"$(inherited)",
					"@executable_path/Frameworks",
				);
				MARKETING_VERSION = 1.0;
				PRODUCT_BUNDLE_IDENTIFIER = "artemiy.Bluesea-Cattery";
				PRODUCT_NAME = "$(TARGET_NAME)";
				SWIFT_EMIT_LOC_STRINGS = YES;
				SWIFT_VERSION = 5.0;
				TARGETED_DEVICE_FAMILY = "1,2";
			};
			name = Debug;
		};
		E333C05728AA688E008D0DC7 /* Release */ = {
			isa = XCBuildConfiguration;
			buildSettings = {
				ASSETCATALOG_COMPILER_APPICON_NAME = AppIcon;
				ASSETCATALOG_COMPILER_GLOBAL_ACCENT_COLOR_NAME = AccentColor;
				CODE_SIGN_STYLE = Automatic;
				CURRENT_PROJECT_VERSION = 1;
				DEVELOPMENT_TEAM = FY2MUX2TBL;
				GENERATE_INFOPLIST_FILE = YES;
				INFOPLIST_FILE = "Bluesea Cattery/Supporting Files/Info.plist";
				INFOPLIST_KEY_CFBundleDisplayName = "Bluesea Cattery";
				INFOPLIST_KEY_UIApplicationSupportsIndirectInputEvents = YES;
				INFOPLIST_KEY_UILaunchStoryboardName = LaunchScreen;
				INFOPLIST_KEY_UIMainStoryboardFile = LaunchScreen;
				INFOPLIST_KEY_UISupportedInterfaceOrientations = UIInterfaceOrientationPortrait;
				INFOPLIST_KEY_UISupportedInterfaceOrientations_iPad = UIInterfaceOrientationPortrait;
				INFOPLIST_KEY_UISupportedInterfaceOrientations_iPhone = UIInterfaceOrientationPortrait;
				LD_RUNPATH_SEARCH_PATHS = (
					"$(inherited)",
					"@executable_path/Frameworks",
				);
				MARKETING_VERSION = 1.0;
				PRODUCT_BUNDLE_IDENTIFIER = "artemiy.Bluesea-Cattery";
				PRODUCT_NAME = "$(TARGET_NAME)";
				SWIFT_EMIT_LOC_STRINGS = YES;
				SWIFT_VERSION = 5.0;
				TARGETED_DEVICE_FAMILY = "1,2";
			};
			name = Release;
		};
/* End XCBuildConfiguration section */

/* Begin XCConfigurationList section */
		E333C03928AA688B008D0DC7 /* Build configuration list for PBXProject "Bluesea Cattery" */ = {
			isa = XCConfigurationList;
			buildConfigurations = (
				E333C05328AA688E008D0DC7 /* Debug */,
				E333C05428AA688E008D0DC7 /* Release */,
			);
			defaultConfigurationIsVisible = 0;
			defaultConfigurationName = Release;
		};
		E333C05528AA688E008D0DC7 /* Build configuration list for PBXNativeTarget "Bluesea Cattery" */ = {
			isa = XCConfigurationList;
			buildConfigurations = (
				E333C05628AA688E008D0DC7 /* Debug */,
				E333C05728AA688E008D0DC7 /* Release */,
			);
			defaultConfigurationIsVisible = 0;
			defaultConfigurationName = Release;
		};
/* End XCConfigurationList section */
	};
	rootObject = E333C03628AA688B008D0DC7 /* Project object */;
}
